
Microsoft Visual Studio Solution File, Format Version 12.00
# Visual Studio Version 16
VisualStudioVersion = 16.0.29905.134
MinimumVisualStudioVersion = 10.0.40219.1
Project("{FAE04EC0-301F-11D3-BF4B-00C04F79EFBC}") = "ConsoleApp7", "ConsoleApp7\ConsoleApp7.csproj", "{EF402CC1-CB9F-456C-93CD-67FB7DB3B7E7}"
EndProject
Global
	GlobalSection(SolutionConfigurationPlatforms) = preSolution
		Debug|Any CPU = Debug|Any CPU
		Release|Any CPU = Release|Any CPU
	EndGlobalSection
	GlobalSection(ProjectConfigurationPlatforms) = postSolution
		{EF402CC1-CB9F-456C-93CD-67FB7DB3B7E7}.Debug|Any CPU.ActiveCfg = Debug|Any CPU
		{EF402CC1-CB9F-456C-93CD-67FB7DB3B7E7}.Debug|Any CPU.Build.0 = Debug|Any CPU
		{EF402CC1-CB9F-456C-93CD-67FB7DB3B7E7}.Release|Any CPU.ActiveCfg = Release|Any CPU
		{EF402CC1-CB9F-456C-93CD-67FB7DB3B7E7}.Release|Any CPU.Build.0 = Release|Any CPU
	EndGlobalSection
	GlobalSection(SolutionProperties) = preSolution
		HideSolutionNode = FALSE
	EndGlobalSection
	GlobalSection(ExtensibilityGlobals) = postSolution
		SolutionGuid = {75C4F0D2-F17D-455D-9067-3A5F0C3AD799}
	EndGlobalSection
EndGlobal
